[root]
name = "heliotrope"
version = "0.0.1"
dependencies = [
 "http 0.1.0-pre (git+https://github.com/chris-morgan/rust-http#16d3999e37aa0e0ae8550d6fba224ef2717337c7)",
 "url 0.1.0 (git+https://github.com/servo/rust-url#ec468b202a67ed8e17119bf871d897f68f7d858a)",
]

[[package]]
name = "encoding"
version = "0.1.0"
source = "git+https://github.com/lifthrasiir/rust-encoding#b82ad2104b2d079620bd227fb9328b2ff8c20ca9"

[[package]]
name = "http"
version = "0.1.0-pre"
source = "git+https://github.com/chris-morgan/rust-http#16d3999e37aa0e0ae8550d6fba224ef2717337c7"
dependencies = [
 "openssl 0.0.0 (git+https://github.com/sfackler/rust-openssl.git#182ec4a6e77a53381e8b5e161f5d9c8fb3d965ff)",
 "url 0.1.0 (git+https://github.com/servo/rust-url#ec468b202a67ed8e17119bf871d897f68f7d858a)",
]

[[package]]
name = "openssl"
version = "0.0.0"
source = "git+https://github.com/sfackler/rust-openssl.git#182ec4a6e77a53381e8b5e161f5d9c8fb3d965ff"

[[package]]
name = "url"
version = "0.1.0"
source = "git+https://github.com/servo/rust-url#ec468b202a67ed8e17119bf871d897f68f7d858a"
dependencies = [
 "encoding 0.1.0 (git+https://github.com/lifthrasiir/rust-encoding#b82ad2104b2d079620bd227fb9328b2ff8c20ca9)",
]

